
Microsoft Visual Studio Solution File, Format Version 12.00
# Visual Studio 2013
VisualStudioVersion = 12.0.31101.0
MinimumVisualStudioVersion = 10.0.40219.1
Project("{FAE04EC0-301F-11D3-BF4B-00C04F79EFBC}") = "SimpleAR", "SimpleAR.csproj", "{F06CC30B-051F-49C6-B42A-B1366D8E5F7B}"
EndProject
Project("{FAE04EC0-301F-11D3-BF4B-00C04F79EFBC}") = "SimpleAR_DAL", "..\SimpleAR_DAL\SimpleAR_DAL.csproj", "{0DF34BBB-A575-40C1-8B87-2888C299B895}"
EndProject
Project("{FAE04EC0-301F-11D3-BF4B-00C04F79EFBC}") = "SimpleAR_Performance", "..\SimpleAR_Performance\SimpleAR_Performance.csproj", "{227FCB07-31B9-4801-9420-5A24C7D5CF90}"
EndProject
Project("{6141683F-8A12-4E36-9623-2EB02B2C2303}") = "SimpleARInstall", "..\SimpleARInstall\SimpleARInstall.isproj", "{C4B7C82C-2039-4C24-BD69-334BEE9FD028}"
	ProjectSection(ProjectDependencies) = postProject
		{F06CC30B-051F-49C6-B42A-B1366D8E5F7B} = {F06CC30B-051F-49C6-B42A-B1366D8E5F7B}
		{0DF34BBB-A575-40C1-8B87-2888C299B895} = {0DF34BBB-A575-40C1-8B87-2888C299B895}
	EndProjectSection
EndProject
Global
	GlobalSection(SolutionConfigurationPlatforms) = preSolution
		CD_ROM|Any CPU = CD_ROM|Any CPU
		Debug|Any CPU = Debug|Any CPU
		DVD-5|Any CPU = DVD-5|Any CPU
		Release|Any CPU = Release|Any CPU
		SingleImage|Any CPU = SingleImage|Any CPU
	EndGlobalSection
	GlobalSection(ProjectConfigurationPlatforms) = postSolution
		{F06CC30B-051F-49C6-B42A-B1366D8E5F7B}.CD_ROM|Any CPU.ActiveCfg = Release|Any CPU
		{F06CC30B-051F-49C6-B42A-B1366D8E5F7B}.CD_ROM|Any CPU.Build.0 = Release|Any CPU
		{F06CC30B-051F-49C6-B42A-B1366D8E5F7B}.Debug|Any CPU.ActiveCfg = Debug|Any CPU
		{F06CC30B-051F-49C6-B42A-B1366D8E5F7B}.Debug|Any CPU.Build.0 = Debug|Any CPU
		{F06CC30B-051F-49C6-B42A-B1366D8E5F7B}.DVD-5|Any CPU.ActiveCfg = Debug|Any CPU
		{F06CC30B-051F-49C6-B42A-B1366D8E5F7B}.DVD-5|Any CPU.Build.0 = Debug|Any CPU
		{F06CC30B-051F-49C6-B42A-B1366D8E5F7B}.Release|Any CPU.ActiveCfg = Release|Any CPU
		{F06CC30B-051F-49C6-B42A-B1366D8E5F7B}.Release|Any CPU.Build.0 = Release|Any CPU
		{F06CC30B-051F-49C6-B42A-B1366D8E5F7B}.SingleImage|Any CPU.ActiveCfg = Release|Any CPU
		{F06CC30B-051F-49C6-B42A-B1366D8E5F7B}.SingleImage|Any CPU.Build.0 = Release|Any CPU
		{0DF34BBB-A575-40C1-8B87-2888C299B895}.CD_ROM|Any CPU.ActiveCfg = Release|Any CPU
		{0DF34BBB-A575-40C1-8B87-2888C299B895}.CD_ROM|Any CPU.Build.0 = Release|Any CPU
		{0DF34BBB-A575-40C1-8B87-2888C299B895}.Debug|Any CPU.ActiveCfg = Debug|Any CPU
		{0DF34BBB-A575-40C1-8B87-2888C299B895}.Debug|Any CPU.Build.0 = Debug|Any CPU
		{0DF34BBB-A575-40C1-8B87-2888C299B895}.DVD-5|Any CPU.ActiveCfg = Debug|Any CPU
		{0DF34BBB-A575-40C1-8B87-2888C299B895}.DVD-5|Any CPU.Build.0 = Debug|Any CPU
		{0DF34BBB-A575-40C1-8B87-2888C299B895}.Release|Any CPU.ActiveCfg = Release|Any CPU
		{0DF34BBB-A575-40C1-8B87-2888C299B895}.Release|Any CPU.Build.0 = Release|Any CPU
		{0DF34BBB-A575-40C1-8B87-2888C299B895}.SingleImage|Any CPU.ActiveCfg = Release|Any CPU
		{0DF34BBB-A575-40C1-8B87-2888C299B895}.SingleImage|Any CPU.Build.0 = Release|Any CPU
		{227FCB07-31B9-4801-9420-5A24C7D5CF90}.CD_ROM|Any CPU.ActiveCfg = Release|Any CPU
		{227FCB07-31B9-4801-9420-5A24C7D5CF90}.CD_ROM|Any CPU.Build.0 = Release|Any CPU
		{227FCB07-31B9-4801-9420-5A24C7D5CF90}.Debug|Any CPU.ActiveCfg = Debug|Any CPU
		{227FCB07-31B9-4801-9420-5A24C7D5CF90}.Debug|Any CPU.Build.0 = Debug|Any CPU
		{227FCB07-31B9-4801-9420-5A24C7D5CF90}.DVD-5|Any CPU.ActiveCfg = Debug|Any CPU
		{227FCB07-31B9-4801-9420-5A24C7D5CF90}.DVD-5|Any CPU.Build.0 = Debug|Any CPU
		{227FCB07-31B9-4801-9420-5A24C7D5CF90}.Release|Any CPU.ActiveCfg = Release|Any CPU
		{227FCB07-31B9-4801-9420-5A24C7D5CF90}.Release|Any CPU.Build.0 = Release|Any CPU
		{227FCB07-31B9-4801-9420-5A24C7D5CF90}.SingleImage|Any CPU.ActiveCfg = Release|Any CPU
		{227FCB07-31B9-4801-9420-5A24C7D5CF90}.SingleImage|Any CPU.Build.0 = Release|Any CPU
		{C4B7C82C-2039-4C24-BD69-334BEE9FD028}.CD_ROM|Any CPU.ActiveCfg = CD_ROM
		{C4B7C82C-2039-4C24-BD69-334BEE9FD028}.CD_ROM|Any CPU.Build.0 = CD_ROM
		{C4B7C82C-2039-4C24-BD69-334BEE9FD028}.Debug|Any CPU.ActiveCfg = DVD-5
		{C4B7C82C-2039-4C24-BD69-334BEE9FD028}.Debug|Any CPU.Build.0 = DVD-5
		{C4B7C82C-2039-4C24-BD69-334BEE9FD028}.DVD-5|Any CPU.ActiveCfg = DVD-5
		{C4B7C82C-2039-4C24-BD69-334BEE9FD028}.DVD-5|Any CPU.Build.0 = DVD-5
		{C4B7C82C-2039-4C24-BD69-334BEE9FD028}.Release|Any CPU.ActiveCfg = SingleImage
		{C4B7C82C-2039-4C24-BD69-334BEE9FD028}.Release|Any CPU.Build.0 = SingleImage
		{C4B7C82C-2039-4C24-BD69-334BEE9FD028}.SingleImage|Any CPU.ActiveCfg = SingleImage
		{C4B7C82C-2039-4C24-BD69-334BEE9FD028}.SingleImage|Any CPU.Build.0 = SingleImage
	EndGlobalSection
	GlobalSection(SolutionProperties) = preSolution
		HideSolutionNode = FALSE
	EndGlobalSection
EndGlobal
